
Microsoft Visual Studio Solution File, Format Version 12.00
# Visual Studio Version 17
VisualStudioVersion = 17.11.35312.102
MinimumVisualStudioVersion = 10.0.40219.1
<<<<<<< HEAD
Project("{FAE04EC0-301F-11D3-BF4B-00C04F79EFBC}") = "HEALTH_SUPPORT.API", "HEALTH_SUPPORT.API\HEALTH_SUPPORT.API.csproj", "{4A24A710-A54F-4745-B2FB-D07061CC7451}"
EndProject
Project("{FAE04EC0-301F-11D3-BF4B-00C04F79EFBC}") = "HEALTH_SUPPORT.Repositories", "HEALTH_SUPPORT.Repositories\HEALTH_SUPPORT.Repositories.csproj", "{CBBC7213-A528-4E3C-881E-E4883D2BB0B9}"
EndProject
Project("{FAE04EC0-301F-11D3-BF4B-00C04F79EFBC}") = "HEALTH_SUPPORT.Servers", "HEALTH_SUPPORT.Server\HEALTH_SUPPORT.Servers.csproj", "{EC319C1A-54D0-4F2A-A865-FEF862CBA589}"
=======
Project("{FAE04EC0-301F-11D3-BF4B-00C04F79EFBC}") = "HEALTH_SUPPORT.API", "HEALTH_SUPPORT.API\HEALTH_SUPPORT.API.csproj", "{99CD0EDA-0CFC-46C5-8850-5C6BAC16F58D}"
EndProject
Project("{FAE04EC0-301F-11D3-BF4B-00C04F79EFBC}") = "HEALTH_SUPPORT.Repositories", "HEALTH_SUPPORT.Repositories\HEALTH_SUPPORT.Repositories.csproj", "{562B80E4-70A6-4D40-B10B-81F2D80B7E2D}"
EndProject
Project("{FAE04EC0-301F-11D3-BF4B-00C04F79EFBC}") = "HEALTH_SUPPORT.Servers", "HEALTH_SUPPORT.Servers\HEALTH_SUPPORT.Servers.csproj", "{1F3AC03B-6DBF-4159-AC38-7E19E5CAC25F}"
>>>>>>> 9bf8b07 (update entity)
EndProject
Global
	GlobalSection(SolutionConfigurationPlatforms) = preSolution
		Debug|Any CPU = Debug|Any CPU
		Release|Any CPU = Release|Any CPU
	EndGlobalSection
	GlobalSection(ProjectConfigurationPlatforms) = postSolution
<<<<<<< HEAD
		{4A24A710-A54F-4745-B2FB-D07061CC7451}.Debug|Any CPU.ActiveCfg = Debug|Any CPU
		{4A24A710-A54F-4745-B2FB-D07061CC7451}.Debug|Any CPU.Build.0 = Debug|Any CPU
		{4A24A710-A54F-4745-B2FB-D07061CC7451}.Release|Any CPU.ActiveCfg = Release|Any CPU
		{4A24A710-A54F-4745-B2FB-D07061CC7451}.Release|Any CPU.Build.0 = Release|Any CPU
		{CBBC7213-A528-4E3C-881E-E4883D2BB0B9}.Debug|Any CPU.ActiveCfg = Debug|Any CPU
		{CBBC7213-A528-4E3C-881E-E4883D2BB0B9}.Debug|Any CPU.Build.0 = Debug|Any CPU
		{CBBC7213-A528-4E3C-881E-E4883D2BB0B9}.Release|Any CPU.ActiveCfg = Release|Any CPU
		{CBBC7213-A528-4E3C-881E-E4883D2BB0B9}.Release|Any CPU.Build.0 = Release|Any CPU
		{EC319C1A-54D0-4F2A-A865-FEF862CBA589}.Debug|Any CPU.ActiveCfg = Debug|Any CPU
		{EC319C1A-54D0-4F2A-A865-FEF862CBA589}.Debug|Any CPU.Build.0 = Debug|Any CPU
		{EC319C1A-54D0-4F2A-A865-FEF862CBA589}.Release|Any CPU.ActiveCfg = Release|Any CPU
		{EC319C1A-54D0-4F2A-A865-FEF862CBA589}.Release|Any CPU.Build.0 = Release|Any CPU
=======
		{99CD0EDA-0CFC-46C5-8850-5C6BAC16F58D}.Debug|Any CPU.ActiveCfg = Debug|Any CPU
		{99CD0EDA-0CFC-46C5-8850-5C6BAC16F58D}.Debug|Any CPU.Build.0 = Debug|Any CPU
		{99CD0EDA-0CFC-46C5-8850-5C6BAC16F58D}.Release|Any CPU.ActiveCfg = Release|Any CPU
		{99CD0EDA-0CFC-46C5-8850-5C6BAC16F58D}.Release|Any CPU.Build.0 = Release|Any CPU
		{562B80E4-70A6-4D40-B10B-81F2D80B7E2D}.Debug|Any CPU.ActiveCfg = Debug|Any CPU
		{562B80E4-70A6-4D40-B10B-81F2D80B7E2D}.Debug|Any CPU.Build.0 = Debug|Any CPU
		{562B80E4-70A6-4D40-B10B-81F2D80B7E2D}.Release|Any CPU.ActiveCfg = Release|Any CPU
		{562B80E4-70A6-4D40-B10B-81F2D80B7E2D}.Release|Any CPU.Build.0 = Release|Any CPU
		{1F3AC03B-6DBF-4159-AC38-7E19E5CAC25F}.Debug|Any CPU.ActiveCfg = Debug|Any CPU
		{1F3AC03B-6DBF-4159-AC38-7E19E5CAC25F}.Debug|Any CPU.Build.0 = Debug|Any CPU
		{1F3AC03B-6DBF-4159-AC38-7E19E5CAC25F}.Release|Any CPU.ActiveCfg = Release|Any CPU
		{1F3AC03B-6DBF-4159-AC38-7E19E5CAC25F}.Release|Any CPU.Build.0 = Release|Any CPU
>>>>>>> 9bf8b07 (update entity)
	EndGlobalSection
	GlobalSection(SolutionProperties) = preSolution
		HideSolutionNode = FALSE
	EndGlobalSection
	GlobalSection(ExtensibilityGlobals) = postSolution
<<<<<<< HEAD
		SolutionGuid = {12B35152-1375-494C-BBBD-77DE241EE88A}
=======
		SolutionGuid = {9B5CE602-C617-4751-9C1C-CADA3021F83A}
>>>>>>> 9bf8b07 (update entity)
	EndGlobalSection
EndGlobal
